
Microsoft Visual Studio Solution File, Format Version 12.00
# Visual Studio Version 16
VisualStudioVersion = 16.0.31321.278
MinimumVisualStudioVersion = 10.0.40219.1
Project("{FAE04EC0-301F-11D3-BF4B-00C04F79EFBC}") = "MyAssignment", "MyAssignment.csproj", "{8A55488C-FECB-4646-B3F4-373B88278EDA}"
EndProject
Global
	GlobalSection(SolutionConfigurationPlatforms) = preSolution
		Debug|Any CPU = Debug|Any CPU
		Release|Any CPU = Release|Any CPU
	EndGlobalSection
	GlobalSection(ProjectConfigurationPlatforms) = postSolution
		{8A55488C-FECB-4646-B3F4-373B88278EDA}.Debug|Any CPU.ActiveCfg = Debug|Any CPU
		{8A55488C-FECB-4646-B3F4-373B88278EDA}.Debug|Any CPU.Build.0 = Debug|Any CPU
		{8A55488C-FECB-4646-B3F4-373B88278EDA}.Release|Any CPU.ActiveCfg = Release|Any CPU
		{8A55488C-FECB-4646-B3F4-373B88278EDA}.Release|Any CPU.Build.0 = Release|Any CPU
	EndGlobalSection
	GlobalSection(SolutionProperties) = preSolution
		HideSolutionNode = FALSE
	EndGlobalSection
	GlobalSection(ExtensibilityGlobals) = postSolution
		SolutionGuid = {4BF63DE9-EC89-4230-B942-50DCE944CF9C}
	EndGlobalSection
EndGlobal
